<?xml version="1.0" encoding="utf-8"?>
<Project ToolsVersion="4.0" xmlns="http://schemas.microsoft.com/developer/msbuild/2003">
  <ItemGroup>
    <Filter Include="Source Files">
      <UniqueIdentifier>{4FC737F1-C7A5-4376-A066-2A32D752A2FF}</UniqueIdentifier>
      <Extensions>cpp;c;cc;cxx;def;odl;idl;hpj;bat;asm;asmx</Extensions>
    </Filter>
    <Filter Include="Header Files">
      <UniqueIdentifier>{93995380-89BD-4b04-88EB-625FBE52EBFB}</UniqueIdentifier>
      <Extensions>h;hh;hpp;hxx;hm;inl;inc;xsd</Extensions>
    </Filter>
    <Filter Include="Resource Files">
      <UniqueIdentifier>{67DA6AB6-F800-4c08-8B7A-83BB121AAD01}</UniqueIdentifier>
      <Extensions>rc;ico;cur;bmp;dlg;rc2;rct;bin;rgs;gif;jpg;jpeg;jpe;resx;tiff;tif;png;wav</Extensions>
    </Filter>
  </ItemGroup>
  <ItemGroup>
    <ClCompile Include="src\platform.cpp">
      <Filter>Source Files</Filter>
    </ClCompile>
    <ClCompile Include="src\console.c">
      <Filter>Source Files</Filter>
    </ClCompile>
    <ClCompile Include="src\customepisode.c">
      <Filter>Source Files</Filter>
    </ClCompile>
    <ClCompile Include="src\eseq_ep2.c">
      <Filter>Source Files</Filter>
    </ClCompile>
    <ClCompile Include="src\fileio.c">
      <Filter>Source Files</Filter>
    </ClCompile>
    <ClCompile Include="src\FinaleScreenLoader.c">
      <Filter>Source Files</Filter>
    </ClCompile>
    <ClCompile Include="src\fonts.c">
      <Filter>Source Files</Filter>
    </ClCompile>
    <ClCompile Include="src\game.c">
      <Filter>Source Files</Filter>
    </ClCompile>
    <ClCompile Include="src\gamedo.c">
      <Filter>Source Files</Filter>
    </ClCompile>
    <ClCompile Include="src\gamepdo.c">
      <Filter>Source Files</Filter>
    </ClCompile>
    <ClCompile Include="src\gamepdo_wm.c">
      <Filter>Source Files</Filter>
    </ClCompile>
    <ClCompile Include="src\globals.c">
      <Filter>Source Files</Filter>
    </ClCompile>
    <ClCompile Include="src\graphicmaker.c">
      <Filter>Source Files</Filter>
    </ClCompile>
    <ClCompile Include="src\graphics.c">
      <Filter>Source Files</Filter>
    </ClCompile>
    <ClCompile Include="src\ini.c">
      <Filter>Source Files</Filter>
    </ClCompile>
    <ClCompile Include="src\intro.c">
      <Filter>Source Files</Filter>
    </ClCompile>
    <ClCompile Include="src\latch.c">
      <Filter>Source Files</Filter>
    </ClCompile>
    <ClCompile Include="src\lprintf.c">
      <Filter>Source Files</Filter>
    </ClCompile>
    <ClCompile Include="src\lz.c">
      <Filter>Source Files</Filter>
    </ClCompile>
    <ClCompile Include="src\main.c">
      <Filter>Source Files</Filter>
    </ClCompile>
    <ClCompile Include="src\map.c">
      <Filter>Source Files</Filter>
    </ClCompile>
    <ClCompile Include="src\maploader.c">
      <Filter>Source Files</Filter>
    </ClCompile>
    <ClCompile Include="src\menumanager.c">
      <Filter>Source Files</Filter>
    </ClCompile>
    <ClCompile Include="src\menu_custommap.c">
      <Filter>Source Files</Filter>
    </ClCompile>
    <ClCompile Include="src\menu_keysetup.c">
      <Filter>Source Files</Filter>
    </ClCompile>
    <ClCompile Include="src\menu_options.c">
      <Filter>Source Files</Filter>
    </ClCompile>
    <ClCompile Include="src\menu_savegames.c">
      <Filter>Source Files</Filter>
    </ClCompile>
    <ClCompile Include="src\message.c">
      <Filter>Source Files</Filter>
    </ClCompile>
    <ClCompile Include="src\misc.c">
      <Filter>Source Files</Filter>
    </ClCompile>
    <ClCompile Include="src\misc_ui.c">
      <Filter>Source Files</Filter>
    </ClCompile>
    <ClCompile Include="src\palette.c">
      <Filter>Source Files</Filter>
    </ClCompile>
    <ClCompile Include="src\sanity.c">
      <Filter>Source Files</Filter>
    </ClCompile>
    <ClCompile Include="src\savegame.c">
      <Filter>Source Files</Filter>
    </ClCompile>
    <ClCompile Include="src\sgrle.c">
      <Filter>Source Files</Filter>
    </ClCompile>
    <ClCompile Include="src\tga.c">
      <Filter>Source Files</Filter>
    </ClCompile>
    <ClCompile Include="src\twirly.c">
      <Filter>Source Files</Filter>
    </ClCompile>
    <ClCompile Include="src\vgatiles.c">
      <Filter>Source Files</Filter>
    </ClCompile>
    <ClCompile Include="src\ai\autoray.c">
      <Filter>Source Files</Filter>
    </ClCompile>
    <ClCompile Include="src\ai\baby.c">
      <Filter>Source Files</Filter>
    </ClCompile>
    <ClCompile Include="src\ai\balljack.c">
      <Filter>Source Files</Filter>
    </ClCompile>
    <ClCompile Include="src\ai\butler.c">
      <Filter>Source Files</Filter>
    </ClCompile>
    <ClCompile Include="src\ai\door.c">
      <Filter>Source Files</Filter>
    </ClCompile>
    <ClCompile Include="src\ai\earth.c">
      <Filter>Source Files</Filter>
    </ClCompile>
    <ClCompile Include="src\ai\fireball.c">
      <Filter>Source Files</Filter>
    </ClCompile>
    <ClCompile Include="src\ai\foob.c">
      <Filter>Source Files</Filter>
    </ClCompile>
    <ClCompile Include="src\ai\garg.c">
      <Filter>Source Files</Filter>
    </ClCompile>
    <ClCompile Include="src\ai\gotpoints.c">
      <Filter>Source Files</Filter>
    </ClCompile>
    <ClCompile Include="src\ai\icecannon.c">
      <Filter>Source Files</Filter>
    </ClCompile>
    <ClCompile Include="src\ai\meep.c">
      <Filter>Source Files</Filter>
    </ClCompile>
    <ClCompile Include="src\ai\mother.c">
      <Filter>Source Files</Filter>
    </ClCompile>
    <ClCompile Include="src\ai\nessie.c">
      <Filter>Source Files</Filter>
    </ClCompile>
    <ClCompile Include="src\ai\ninja.c">
      <Filter>Source Files</Filter>
    </ClCompile>
    <ClCompile Include="src\ai\platform.c">
      <Filter>Source Files</Filter>
    </ClCompile>
    <ClCompile Include="src\ai\platvert.c">
      <Filter>Source Files</Filter>
    </ClCompile>
    <ClCompile Include="src\ai\ray.c">
      <Filter>Source Files</Filter>
    </ClCompile>
    <ClCompile Include="src\ai\rope.c">
      <Filter>Source Files</Filter>
    </ClCompile>
    <ClCompile Include="src\ai\se.c">
      <Filter>Source Files</Filter>
    </ClCompile>
    <ClCompile Include="src\ai\sndwave.c">
      <Filter>Source Files</Filter>
    </ClCompile>
    <ClCompile Include="src\ai\tank.c">
      <Filter>Source Files</Filter>
    </ClCompile>
    <ClCompile Include="src\ai\tankep2.c">
      <Filter>Source Files</Filter>
    </ClCompile>
    <ClCompile Include="src\ai\teleport.c">
      <Filter>Source Files</Filter>
    </ClCompile>
    <ClCompile Include="src\ai\vort.c">
      <Filter>Source Files</Filter>
    </ClCompile>
    <ClCompile Include="src\ai\vortelite.c">
      <Filter>Source Files</Filter>
    </ClCompile>
    <ClCompile Include="src\ai\walker.c">
      <Filter>Source Files</Filter>
    </ClCompile>
    <ClCompile Include="src\ai\yorp.c">
      <Filter>Source Files</Filter>
    </ClCompile>
    <ClCompile Include="src\cinematics\blowupworld.c">
      <Filter>Source Files</Filter>
    </ClCompile>
    <ClCompile Include="src\cinematics\e1ending.c">
      <Filter>Source Files</Filter>
    </ClCompile>
    <ClCompile Include="src\cinematics\e3ending.c">
      <Filter>Source Files</Filter>
    </ClCompile>
    <ClCompile Include="src\cinematics\mortimer.c">
      <Filter>Source Files</Filter>
    </ClCompile>
    <ClCompile Include="src\cinematics\seqcommon.c">
      <Filter>Source Files</Filter>
    </ClCompile>
    <ClCompile Include="src\cinematics\TBC.c">
      <Filter>Source Files</Filter>
    </ClCompile>
    <ClCompile Include="src\platform\stub.cpp">
      <Filter>Source Files</Filter>
    </ClCompile>
    <ClCompile Include="src\platform\win32.cpp">
      <Filter>Source Files</Filter>
    </ClCompile>
    <ClCompile Include="src\scale2x\pixel.c">
      <Filter>Source Files</Filter>
    </ClCompile>
    <ClCompile Include="src\scale2x\scale2x.c">
      <Filter>Source Files</Filter>
    </ClCompile>
    <ClCompile Include="src\scale2x\scale3x.c">
      <Filter>Source Files</Filter>
    </ClCompile>
    <ClCompile Include="src\scale2x\scalebit.c">
      <Filter>Source Files</Filter>
    </ClCompile>
    <ClCompile Include="src\scale2x\scalerx.c">
      <Filter>Source Files</Filter>
    </ClCompile>
    <ClCompile Include="src\scale2x\scalex.c">
      <Filter>Source Files</Filter>
    </ClCompile>
    <ClCompile Include="src\sdl\keydrv.c">
      <Filter>Source Files</Filter>
    </ClCompile>
    <ClCompile Include="src\sdl\snddrv.c">
      <Filter>Source Files</Filter>
    </ClCompile>
    <ClCompile Include="src\sdl\timedrv.c">
      <Filter>Source Files</Filter>
    </ClCompile>
    <ClCompile Include="src\sdl\viddrv.c">
      <Filter>Source Files</Filter>
    </ClCompile>
    <ClCompile Include="src\tileattr\tileattr.c">
      <Filter>Source Files</Filter>
    </ClCompile>
    <ClCompile Include="src\scale2x\file.c">
      <Filter>Source Files</Filter>
    </ClCompile>
  </ItemGroup>
  <ItemGroup>
    <ClInclude Include="src\game.h">
      <Filter>Header Files</Filter>
    </ClInclude>
    <ClInclude Include="src\gameorg.h">
      <Filter>Header Files</Filter>
    </ClInclude>
    <ClInclude Include="src\globals.h">
      <Filter>Header Files</Filter>
    </ClInclude>
    <ClInclude Include="src\keen.h">
      <Filter>Header Files</Filter>
    </ClInclude>
    <ClInclude Include="src\keys.h">
      <Filter>Header Files</Filter>
    </ClInclude>
    <ClInclude Include="src\latch.h">
      <Filter>Header Files</Filter>
    </ClInclude>
    <ClInclude Include="src\lz.h">
      <Filter>Header Files</Filter>
    </ClInclude>
    <ClInclude Include="src\macros.h">
      <Filter>Header Files</Filter>
    </ClInclude>
    <ClInclude Include="src\menu.h">
      <Filter>Header Files</Filter>
    </ClInclude>
    <ClInclude Include="src\osparam.h">
      <Filter>Header Files</Filter>
    </ClInclude>
    <ClInclude Include="src\pressf10.h">
      <Filter>Header Files</Filter>
    </ClInclude>
    <ClInclude Include="src\sounds.h">
      <Filter>Header Files</Filter>
    </ClInclude>
    <ClInclude Include="src\stamp.h">
      <Filter>Header Files</Filter>
    </ClInclude>
    <ClInclude Include="src\tga.h">
      <Filter>Header Files</Filter>
    </ClInclude>
    <ClInclude Include="src\ai\enemydata.h">
      <Filter>Header Files</Filter>
    </ClInclude>
    <ClInclude Include="src\ai\ray.h">
      <Filter>Header Files</Filter>
    </ClInclude>
    <ClInclude Include="src\ai\vort.h">
      <Filter>Header Files</Filter>
    </ClInclude>
    <ClInclude Include="src\scale2x\pixel.h">
      <Filter>Header Files</Filter>
    </ClInclude>
    <ClInclude Include="src\scale2x\portable.h">
      <Filter>Header Files</Filter>
    </ClInclude>
    <ClInclude Include="src\scale2x\scale2x.h">
      <Filter>Header Files</Filter>
    </ClInclude>
    <ClInclude Include="src\scale2x\scale3x.h">
      <Filter>Header Files</Filter>
    </ClInclude>
    <ClInclude Include="src\scale2x\scalebit.h">
      <Filter>Header Files</Filter>
    </ClInclude>
    <ClInclude Include="src\sdl\snddrv.h">
      <Filter>Header Files</Filter>
    </ClInclude>
    <ClInclude Include="src\scale2x\file.h">
      <Filter>Header Files</Filter>
    </ClInclude>
    <ClInclude Include="src\editor\buttons.h">
      <Filter>Header Files</Filter>
    </ClInclude>
    <ClInclude Include="src\Header.h">
      <Filter>Header Files</Filter>
    </ClInclude>
    <ClInclude Include="src\main.h">
      <Filter>Header Files</Filter>
    </ClInclude>
    <ClInclude Include="src\editor\ghosting.h">
      <Filter>Header Files</Filter>
    </ClInclude>
  </ItemGroup>
  <ItemGroup>
    <None Include="packages.config" />
  </ItemGroup>
</Project>